
Microsoft Visual Studio Solution File, Format Version 12.00
# Visual Studio 14
VisualStudioVersion = 14.0.25420.1
MinimumVisualStudioVersion = 10.0.40219.1
Project("{2150E333-8FDC-42A3-9474-1A3956D46DE8}") = "01 Mono", "01 Mono", "{D49EBF7C-514E-4D66-817E-A5D65FBCEDFA}"
EndProject
Project("{2150E333-8FDC-42A3-9474-1A3956D46DE8}") = "02 Engine", "02 Engine", "{184690E9-B9D2-4041-B975-B09CCBD253BF}"
EndProject
Project("{2150E333-8FDC-42A3-9474-1A3956D46DE8}") = "04 Games", "04 Games", "{D3BD2F7A-4289-4395-9FDB-F63C1140605E}"
EndProject
Project("{2150E333-8FDC-42A3-9474-1A3956D46DE8}") = "03 Tools", "03 Tools", "{163998D0-02DF-45BA-A211-7F6B4ECBFAC5}"
EndProject
Project("{2150E333-8FDC-42A3-9474-1A3956D46DE8}") = "05 Content", "05 Content", "{BC66DC84-C4BF-47DD-A76E-1A2F0E4B6F49}"
EndProject
Project("{FAE04EC0-301F-11D3-BF4B-00C04F79EFBC}") = "Content", "05 - Content\Content.csproj", "{A67C4FA2-52B3-458D-9A78-D87947187039}"
EndProject
Project("{2150E333-8FDC-42A3-9474-1A3956D46DE8}") = "06 External", "06 External", "{6BDA61D7-E95F-4D15-8641-C07D42D8568A}"
EndProject
Project("{FAE04EC0-301F-11D3-BF4B-00C04F79EFBC}") = "KopiLuaDll", "06 - External\KopiLuaDll\KopiLuaDll.csproj", "{A9659B55-727E-454F-B32D-E6C337031939}"
EndProject
Project("{FAE04EC0-301F-11D3-BF4B-00C04F79EFBC}") = "KopiLuaInterface", "06 - External\KopiLuaInterface\KopiLuaInterface.csproj", "{976CA064-F07C-44C4-AC50-CF834EAD0BCA}"
EndProject
Project("{FAE04EC0-301F-11D3-BF4B-00C04F79EFBC}") = "Farseer Physics.Windows", "06 - External\Farseer Physics\Farseer Physics.Windows.csproj", "{D1D9D79F-BAC9-4067-823F-0059E72AD423}"
EndProject
Project("{FAE04EC0-301F-11D3-BF4B-00C04F79EFBC}") = "LittleBigEngine.Windows", "02 - Engine\LittleBigEngine\LittleBigEngine.Windows.csproj", "{12087CBB-0061-48BC-878F-83ED21C51173}"
EndProject
Project("{FAE04EC0-301F-11D3-BF4B-00C04F79EFBC}") = "Ball.Windows", "04 - Games\Ball\Ball.Windows.csproj", "{493AF816-E0D5-46FD-B32F-8D67FBEEE900}"
EndProject
Project("{FAE04EC0-301F-11D3-BF4B-00C04F79EFBC}") = "KopiLua.Net40", "06 - External\KopiLua\KopiLua.Net40.csproj", "{E8DDBC21-EF74-4ABA-9C49-BFC702BE25D8}"
EndProject
Project("{FAE04EC0-301F-11D3-BF4B-00C04F79EFBC}") = "MonoGame.Framework.WindowsGL", "01 - MonoGame\MonoGame.Framework\MonoGame.Framework.WindowsGL.csproj", "{6D75E618-19CA-4C51-9546-F10965FBC0B8}"
EndProject
Project("{FAE04EC0-301F-11D3-BF4B-00C04F79EFBC}") = "2MGFX.Windows", "01 - MonoGame\Tools\2MGFX\2MGFX.Windows.csproj", "{46474D32-2E58-6957-6E64-6F7773324D47}"
EndProject
Project("{2150E333-8FDC-42A3-9474-1A3956D46DE8}") = "Solution Items", "Solution Items", "{42AA6422-6B61-484A-B9EE-2B7C0C0906CB}"
	ProjectSection(SolutionItems) = preProject
		Performance1.psess = Performance1.psess
	EndProjectSection
EndProject
Global
	GlobalSection(SolutionConfigurationPlatforms) = preSolution
		Debug|Any CPU = Debug|Any CPU
		Release|Any CPU = Release|Any CPU
		Shipping|Any CPU = Shipping|Any CPU
	EndGlobalSection
	GlobalSection(ProjectConfigurationPlatforms) = postSolution
		{A67C4FA2-52B3-458D-9A78-D87947187039}.Debug|Any CPU.ActiveCfg = Release|Any CPU
		{A67C4FA2-52B3-458D-9A78-D87947187039}.Release|Any CPU.ActiveCfg = Release|Any CPU
		{A67C4FA2-52B3-458D-9A78-D87947187039}.Shipping|Any CPU.ActiveCfg = Release|Any CPU
		{A9659B55-727E-454F-B32D-E6C337031939}.Debug|Any CPU.ActiveCfg = Release|Any CPU
		{A9659B55-727E-454F-B32D-E6C337031939}.Debug|Any CPU.Build.0 = Release|Any CPU
		{A9659B55-727E-454F-B32D-E6C337031939}.Release|Any CPU.ActiveCfg = Release|Any CPU
		{A9659B55-727E-454F-B32D-E6C337031939}.Release|Any CPU.Build.0 = Release|Any CPU
		{A9659B55-727E-454F-B32D-E6C337031939}.Shipping|Any CPU.ActiveCfg = Release|Any CPU
		{A9659B55-727E-454F-B32D-E6C337031939}.Shipping|Any CPU.Build.0 = Release|Any CPU
		{976CA064-F07C-44C4-AC50-CF834EAD0BCA}.Debug|Any CPU.ActiveCfg = Release|Any CPU
		{976CA064-F07C-44C4-AC50-CF834EAD0BCA}.Debug|Any CPU.Build.0 = Release|Any CPU
		{976CA064-F07C-44C4-AC50-CF834EAD0BCA}.Release|Any CPU.ActiveCfg = Release|Any CPU
		{976CA064-F07C-44C4-AC50-CF834EAD0BCA}.Release|Any CPU.Build.0 = Release|Any CPU
		{976CA064-F07C-44C4-AC50-CF834EAD0BCA}.Shipping|Any CPU.ActiveCfg = Release|Any CPU
		{976CA064-F07C-44C4-AC50-CF834EAD0BCA}.Shipping|Any CPU.Build.0 = Release|Any CPU
		{D1D9D79F-BAC9-4067-823F-0059E72AD423}.Debug|Any CPU.ActiveCfg = Release|Any CPU
		{D1D9D79F-BAC9-4067-823F-0059E72AD423}.Debug|Any CPU.Build.0 = Release|Any CPU
		{D1D9D79F-BAC9-4067-823F-0059E72AD423}.Release|Any CPU.ActiveCfg = Release|Any CPU
		{D1D9D79F-BAC9-4067-823F-0059E72AD423}.Release|Any CPU.Build.0 = Release|Any CPU
		{D1D9D79F-BAC9-4067-823F-0059E72AD423}.Shipping|Any CPU.ActiveCfg = Release|Any CPU
		{D1D9D79F-BAC9-4067-823F-0059E72AD423}.Shipping|Any CPU.Build.0 = Release|Any CPU
		{12087CBB-0061-48BC-878F-83ED21C51173}.Debug|Any CPU.ActiveCfg = Release|Any CPU
		{12087CBB-0061-48BC-878F-83ED21C51173}.Debug|Any CPU.Build.0 = Release|Any CPU
		{12087CBB-0061-48BC-878F-83ED21C51173}.Release|Any CPU.ActiveCfg = Release|Any CPU
		{12087CBB-0061-48BC-878F-83ED21C51173}.Release|Any CPU.Build.0 = Release|Any CPU
		{12087CBB-0061-48BC-878F-83ED21C51173}.Shipping|Any CPU.ActiveCfg = Release|Any CPU
		{12087CBB-0061-48BC-878F-83ED21C51173}.Shipping|Any CPU.Build.0 = Release|Any CPU
		{493AF816-E0D5-46FD-B32F-8D67FBEEE900}.Debug|Any CPU.ActiveCfg = Debug|Any CPU
		{493AF816-E0D5-46FD-B32F-8D67FBEEE900}.Debug|Any CPU.Build.0 = Debug|Any CPU
		{493AF816-E0D5-46FD-B32F-8D67FBEEE900}.Release|Any CPU.ActiveCfg = Release|Any CPU
		{493AF816-E0D5-46FD-B32F-8D67FBEEE900}.Release|Any CPU.Build.0 = Release|Any CPU
		{493AF816-E0D5-46FD-B32F-8D67FBEEE900}.Shipping|Any CPU.ActiveCfg = Shipping|Any CPU
		{493AF816-E0D5-46FD-B32F-8D67FBEEE900}.Shipping|Any CPU.Build.0 = Shipping|Any CPU
		{E8DDBC21-EF74-4ABA-9C49-BFC702BE25D8}.Debug|Any CPU.ActiveCfg = Release|Any CPU
		{E8DDBC21-EF74-4ABA-9C49-BFC702BE25D8}.Debug|Any CPU.Build.0 = Release|Any CPU
		{E8DDBC21-EF74-4ABA-9C49-BFC702BE25D8}.Release|Any CPU.ActiveCfg = Release|Any CPU
		{E8DDBC21-EF74-4ABA-9C49-BFC702BE25D8}.Release|Any CPU.Build.0 = Release|Any CPU
		{E8DDBC21-EF74-4ABA-9C49-BFC702BE25D8}.Shipping|Any CPU.ActiveCfg = Release|Any CPU
		{E8DDBC21-EF74-4ABA-9C49-BFC702BE25D8}.Shipping|Any CPU.Build.0 = Release|Any CPU
		{6D75E618-19CA-4C51-9546-F10965FBC0B8}.Debug|Any CPU.ActiveCfg = Release|Any CPU
		{6D75E618-19CA-4C51-9546-F10965FBC0B8}.Debug|Any CPU.Build.0 = Release|Any CPU
		{6D75E618-19CA-4C51-9546-F10965FBC0B8}.Release|Any CPU.ActiveCfg = Release|Any CPU
		{6D75E618-19CA-4C51-9546-F10965FBC0B8}.Release|Any CPU.Build.0 = Release|Any CPU
		{6D75E618-19CA-4C51-9546-F10965FBC0B8}.Shipping|Any CPU.ActiveCfg = Release|Any CPU
		{6D75E618-19CA-4C51-9546-F10965FBC0B8}.Shipping|Any CPU.Build.0 = Release|Any CPU
		{46474D32-2E58-6957-6E64-6F7773324D47}.Debug|Any CPU.ActiveCfg = Release|Any CPU
		{46474D32-2E58-6957-6E64-6F7773324D47}.Release|Any CPU.ActiveCfg = Release|Any CPU
		{46474D32-2E58-6957-6E64-6F7773324D47}.Shipping|Any CPU.ActiveCfg = Release|Any CPU
	EndGlobalSection
	GlobalSection(SolutionProperties) = preSolution
		HideSolutionNode = FALSE
	EndGlobalSection
	GlobalSection(NestedProjects) = preSolution
		{A67C4FA2-52B3-458D-9A78-D87947187039} = {BC66DC84-C4BF-47DD-A76E-1A2F0E4B6F49}
		{A9659B55-727E-454F-B32D-E6C337031939} = {6BDA61D7-E95F-4D15-8641-C07D42D8568A}
		{976CA064-F07C-44C4-AC50-CF834EAD0BCA} = {6BDA61D7-E95F-4D15-8641-C07D42D8568A}
		{D1D9D79F-BAC9-4067-823F-0059E72AD423} = {6BDA61D7-E95F-4D15-8641-C07D42D8568A}
		{12087CBB-0061-48BC-878F-83ED21C51173} = {184690E9-B9D2-4041-B975-B09CCBD253BF}
		{493AF816-E0D5-46FD-B32F-8D67FBEEE900} = {D3BD2F7A-4289-4395-9FDB-F63C1140605E}
		{E8DDBC21-EF74-4ABA-9C49-BFC702BE25D8} = {6BDA61D7-E95F-4D15-8641-C07D42D8568A}
		{6D75E618-19CA-4C51-9546-F10965FBC0B8} = {D49EBF7C-514E-4D66-817E-A5D65FBCEDFA}
		{46474D32-2E58-6957-6E64-6F7773324D47} = {163998D0-02DF-45BA-A211-7F6B4ECBFAC5}
	EndGlobalSection
EndGlobal
