
Microsoft Visual Studio Solution File, Format Version 11.00
# Visual Studio 2010
Project("{FAE04EC0-301F-11D3-BF4B-00C04F79EFBC}") = "FontProject", "FontProject\FontProject\FontProject.csproj", "{03CD148F-7C03-41EF-A717-7D4897374BDC}"
EndProject
Project("{96E2B04D-8817-42C6-938A-82C39BA4D311}") = "FontProjectContent", "FontProject\FontProjectContent\FontProjectContent.contentproj", "{92E546BE-6B70-46A9-AD24-99D613D3FFE5}"
EndProject
Global
	GlobalSection(SolutionConfigurationPlatforms) = preSolution
		Debug|x86 = Debug|x86
		Release|x86 = Release|x86
	EndGlobalSection
	GlobalSection(ProjectConfigurationPlatforms) = postSolution
		{03CD148F-7C03-41EF-A717-7D4897374BDC}.Debug|x86.ActiveCfg = Debug|x86
		{03CD148F-7C03-41EF-A717-7D4897374BDC}.Debug|x86.Build.0 = Debug|x86
		{03CD148F-7C03-41EF-A717-7D4897374BDC}.Release|x86.ActiveCfg = Release|x86
		{03CD148F-7C03-41EF-A717-7D4897374BDC}.Release|x86.Build.0 = Release|x86
		{92E546BE-6B70-46A9-AD24-99D613D3FFE5}.Debug|x86.ActiveCfg = Debug|x86
		{92E546BE-6B70-46A9-AD24-99D613D3FFE5}.Release|x86.ActiveCfg = Release|x86
	EndGlobalSection
	GlobalSection(SolutionProperties) = preSolution
		HideSolutionNode = FALSE
	EndGlobalSection
EndGlobal
